
Microsoft Visual Studio Solution File, Format Version 12.00
# Visual Studio Version 17
VisualStudioVersion = 17.0.32002.185
MinimumVisualStudioVersion = 10.0.40219.1
Project("{FAE04EC0-301F-11D3-BF4B-00C04F79EFBC}") = "Contrutores", "Contrutores\Contrutores.csproj", "{38D160FA-A9A8-443E-A983-D6B9A134A359}"
EndProject
Global
	GlobalSection(SolutionConfigurationPlatforms) = preSolution
		Debug|Any CPU = Debug|Any CPU
		Release|Any CPU = Release|Any CPU
	EndGlobalSection
	GlobalSection(ProjectConfigurationPlatforms) = postSolution
		{38D160FA-A9A8-443E-A983-D6B9A134A359}.Debug|Any CPU.ActiveCfg = Debug|Any CPU
		{38D160FA-A9A8-443E-A983-D6B9A134A359}.Debug|Any CPU.Build.0 = Debug|Any CPU
		{38D160FA-A9A8-443E-A983-D6B9A134A359}.Release|Any CPU.ActiveCfg = Release|Any CPU
		{38D160FA-A9A8-443E-A983-D6B9A134A359}.Release|Any CPU.Build.0 = Release|Any CPU
	EndGlobalSection
	GlobalSection(SolutionProperties) = preSolution
		HideSolutionNode = FALSE
	EndGlobalSection
	GlobalSection(ExtensibilityGlobals) = postSolution
		SolutionGuid = {5F50041A-330D-4E95-B32B-F2A3193C3EB0}
	EndGlobalSection
EndGlobal
